// !$*UTF8*$!
{
	archiveVersion = 1;
	classes = {
	};
	objectVersion = 46;
	objects = {

/* Begin PBXBuildFile section */
		6E6454741184D2CD00F08CB1 /* Three20UI.h in Headers */ = {isa = PBXBuildFile; fileRef = 6E6454731184D2CD00F08CB1 /* Three20UI.h */; settings = {ATTRIBUTES = (Public, ); }; };
		6E6454931184D3ED00F08CB1 /* Three20UI+Additions.h in Headers */ = {isa = PBXBuildFile; fileRef = 6E6454921184D3ED00F08CB1 /* Three20UI+Additions.h */; settings = {ATTRIBUTES = (Public, ); }; };
		6E6454AA1184D43100F08CB1 /* libThree20Style.a in Frameworks */ = {isa = PBXBuildFile; fileRef = 6E6454A71184D42800F08CB1 /* libThree20Style.a */; };
		6E6455611184D4C500F08CB1 /* TTActivityLabel.h in Headers */ = {isa = PBXBuildFile; fileRef = 6E6454C31184D4C500F08CB1 /* TTActivityLabel.h */; settings = {ATTRIBUTES = (Public, ); }; };
		6E6455651184D4C500F08CB1 /* TTButton.h in Headers */ = {isa = PBXBuildFile; fileRef = 6E6454C71184D4C500F08CB1 /* TTButton.h */; settings = {ATTRIBUTES = (Public, ); }; };
		6E6455671184D4C500F08CB1 /* TTButtonContent.h in Headers */ = {isa = PBXBuildFile; fileRef = 6E6454C91184D4C500F08CB1 /* TTButtonContent.h */; settings = {ATTRIBUTES = (Private, ); }; };
		6E64556C1184D4C500F08CB1 /* TTImageLayer.h in Headers */ = {isa = PBXBuildFile; fileRef = 6E6454CE1184D4C500F08CB1 /* TTImageLayer.h */; settings = {ATTRIBUTES = (Private, ); }; };
		6E64556D1184D4C500F08CB1 /* TTImageView.h in Headers */ = {isa = PBXBuildFile; fileRef = 6E6454CF1184D4C500F08CB1 /* TTImageView.h */; settings = {ATTRIBUTES = (Public, ); }; };
		6E64556E1184D4C500F08CB1 /* TTImageViewDelegate.h in Headers */ = {isa = PBXBuildFile; fileRef = 6E6454D01184D4C500F08CB1 /* TTImageViewDelegate.h */; settings = {ATTRIBUTES = (Public, ); }; };
		6E64556F1184D4C500F08CB1 /* TTImageViewInternal.h in Headers */ = {isa = PBXBuildFile; fileRef = 6E6454D11184D4C500F08CB1 /* TTImageViewInternal.h */; settings = {ATTRIBUTES = (Private, ); }; };
		6E6455701184D4C500F08CB1 /* TTLabel.h in Headers */ = {isa = PBXBuildFile; fileRef = 6E6454D21184D4C500F08CB1 /* TTLabel.h */; settings = {ATTRIBUTES = (Public, ); }; };
		6E64557E1184D4C500F08CB1 /* TTModelViewController.h in Headers */ = {isa = PBXBuildFile; fileRef = 6E6454E01184D4C500F08CB1 /* TTModelViewController.h */; settings = {ATTRIBUTES = (Public, ); }; };
		6E6455821184D4C500F08CB1 /* TTPageControl.h in Headers */ = {isa = PBXBuildFile; fileRef = 6E6454E41184D4C500F08CB1 /* TTPageControl.h */; settings = {ATTRIBUTES = (Public, ); }; };
		6E6455ED1184D4C500F08CB1 /* TTView.h in Headers */ = {isa = PBXBuildFile; fileRef = 6E64554F1184D4C500F08CB1 /* TTView.h */; settings = {ATTRIBUTES = (Public, ); }; };
		6E6455EE1184D4C500F08CB1 /* TTViewController.h in Headers */ = {isa = PBXBuildFile; fileRef = 6E6455501184D4C500F08CB1 /* TTViewController.h */; settings = {ATTRIBUTES = (Public, ); }; };
		6E6455F61184D4C500F08CB1 /* UITableViewAdditions.h in Headers */ = {isa = PBXBuildFile; fileRef = 6E6455581184D4C500F08CB1 /* UITableViewAdditions.h */; settings = {ATTRIBUTES = (Public, ); }; };
		6E6455F71184D4C500F08CB1 /* UIToolbarAdditions.h in Headers */ = {isa = PBXBuildFile; fileRef = 6E6455591184D4C500F08CB1 /* UIToolbarAdditions.h */; settings = {ATTRIBUTES = (Public, ); }; };
		6E6455F81184D4C500F08CB1 /* UIViewAdditions.h in Headers */ = {isa = PBXBuildFile; fileRef = 6E64555A1184D4C500F08CB1 /* UIViewAdditions.h */; settings = {ATTRIBUTES = (Public, ); }; };
		6E6455FA1184D4C500F08CB1 /* UIWebViewAdditions.h in Headers */ = {isa = PBXBuildFile; fileRef = 6E64555C1184D4C500F08CB1 /* UIWebViewAdditions.h */; settings = {ATTRIBUTES = (Public, ); }; };
		6E6456891184D4DA00F08CB1 /* TTActivityLabel.m in Sources */ = {isa = PBXBuildFile; fileRef = 6E6456011184D4DA00F08CB1 /* TTActivityLabel.m */; };
		6E64568C1184D4DA00F08CB1 /* TTButton.m in Sources */ = {isa = PBXBuildFile; fileRef = 6E6456041184D4DA00F08CB1 /* TTButton.m */; };
		6E64568E1184D4DA00F08CB1 /* TTButtonContent.m in Sources */ = {isa = PBXBuildFile; fileRef = 6E6456061184D4DA00F08CB1 /* TTButtonContent.m */; };
		6E6456931184D4DA00F08CB1 /* TTImageLayer.m in Sources */ = {isa = PBXBuildFile; fileRef = 6E64560B1184D4DA00F08CB1 /* TTImageLayer.m */; };
		6E6456941184D4DA00F08CB1 /* TTImageView.m in Sources */ = {isa = PBXBuildFile; fileRef = 6E64560C1184D4DA00F08CB1 /* TTImageView.m */; };
		6E6456951184D4DA00F08CB1 /* TTImageViewInternal.m in Sources */ = {isa = PBXBuildFile; fileRef = 6E64560D1184D4DA00F08CB1 /* TTImageViewInternal.m */; };
		6E6456961184D4DA00F08CB1 /* TTLabel.m in Sources */ = {isa = PBXBuildFile; fileRef = 6E64560E1184D4DA00F08CB1 /* TTLabel.m */; };
		6E6456A21184D4DA00F08CB1 /* TTModelViewController.m in Sources */ = {isa = PBXBuildFile; fileRef = 6E64561A1184D4DA00F08CB1 /* TTModelViewController.m */; };
		6E6456A51184D4DA00F08CB1 /* TTPageControl.m in Sources */ = {isa = PBXBuildFile; fileRef = 6E64561D1184D4DA00F08CB1 /* TTPageControl.m */; };
		6E6457001184D4DA00F08CB1 /* TTView.m in Sources */ = {isa = PBXBuildFile; fileRef = 6E6456781184D4DA00F08CB1 /* TTView.m */; };
		6E6457011184D4DA00F08CB1 /* TTViewController.m in Sources */ = {isa = PBXBuildFile; fileRef = 6E6456791184D4DA00F08CB1 /* TTViewController.m */; };
		6E6457091184D4DA00F08CB1 /* UITableViewAdditions.m in Sources */ = {isa = PBXBuildFile; fileRef = 6E6456811184D4DA00F08CB1 /* UITableViewAdditions.m */; };
		6E64570A1184D4DA00F08CB1 /* UIToolbarAdditions.m in Sources */ = {isa = PBXBuildFile; fileRef = 6E6456821184D4DA00F08CB1 /* UIToolbarAdditions.m */; };
		6E64570B1184D4DA00F08CB1 /* UIViewAdditions.m in Sources */ = {isa = PBXBuildFile; fileRef = 6E6456831184D4DA00F08CB1 /* UIViewAdditions.m */; };
		6E64570D1184D4DA00F08CB1 /* UIWebViewAdditions.m in Sources */ = {isa = PBXBuildFile; fileRef = 6E6456851184D4DA00F08CB1 /* UIWebViewAdditions.m */; };
		6E6459381187645D00F08CB1 /* UIGlobalTests.m in Sources */ = {isa = PBXBuildFile; fileRef = 6E6459371187645D00F08CB1 /* UIGlobalTests.m */; };
		6EDAEA1D118CA5E20008133C /* libThree20UICommon.a in Frameworks */ = {isa = PBXBuildFile; fileRef = 6EDAEA09118CA5B50008133C /* libThree20UICommon.a */; };
		6EE736C811849FAB00A35176 /* libThree20Core.a in Frameworks */ = {isa = PBXBuildFile; fileRef = 6EE7366C11849C5800A35176 /* libThree20Core.a */; };
		6EE738A61184ADB800A35176 /* libThree20Network.a in Frameworks */ = {isa = PBXBuildFile; fileRef = 6EE738A31184ADB400A35176 /* libThree20Network.a */; };
		6EE739D01184BB0400A35176 /* libThree20UI.a in Frameworks */ = {isa = PBXBuildFile; fileRef = BEF31F3A0F352DF5000DE5D2 /* libThree20UI.a */; };
/* End PBXBuildFile section */

/* Begin PBXContainerItemProxy section */
		6E6454A61184D42800F08CB1 /* PBXContainerItemProxy */ = {
			isa = PBXContainerItemProxy;
			containerPortal = 6E6454A11184D42800F08CB1 /* Three20Style.xcodeproj */;
			proxyType = 2;
			remoteGlobalIDString = BEF31F3A0F352DF5000DE5D2;
			remoteInfo = Three20Style;
		};
		6E6454A81184D42800F08CB1 /* PBXContainerItemProxy */ = {
			isa = PBXContainerItemProxy;
			containerPortal = 6E6454A11184D42800F08CB1 /* Three20Style.xcodeproj */;
			proxyType = 2;
			remoteGlobalIDString = EB9E6C6210B6A8F800DE563C;
			remoteInfo = UnitTests;
		};
		6E6454AC1184D45600F08CB1 /* PBXContainerItemProxy */ = {
			isa = PBXContainerItemProxy;
			containerPortal = 6E6454A11184D42800F08CB1 /* Three20Style.xcodeproj */;
			proxyType = 1;
			remoteGlobalIDString = EB9E6C6110B6A8F800DE563C;
			remoteInfo = UnitTests;
		};
		6E6454AE1184D46800F08CB1 /* PBXContainerItemProxy */ = {
			isa = PBXContainerItemProxy;
			containerPortal = 6E6454A11184D42800F08CB1 /* Three20Style.xcodeproj */;
			proxyType = 1;
			remoteGlobalIDString = BEF31F390F352DF5000DE5D2;
			remoteInfo = Three20Style;
		};
		6EDAEA08118CA5B50008133C /* PBXContainerItemProxy */ = {
			isa = PBXContainerItemProxy;
			containerPortal = 6EDAEA03118CA5B50008133C /* Three20UICommon.xcodeproj */;
			proxyType = 2;
			remoteGlobalIDString = BEF31F3A0F352DF5000DE5D2;
			remoteInfo = Three20UICommon;
		};
		6EDAEA0A118CA5B50008133C /* PBXContainerItemProxy */ = {
			isa = PBXContainerItemProxy;
			containerPortal = 6EDAEA03118CA5B50008133C /* Three20UICommon.xcodeproj */;
			proxyType = 2;
			remoteGlobalIDString = EB9E6C6210B6A8F800DE563C;
			remoteInfo = UnitTests;
		};
		6EDAEA15118CA5CA0008133C /* PBXContainerItemProxy */ = {
			isa = PBXContainerItemProxy;
			containerPortal = 6EDAEA03118CA5B50008133C /* Three20UICommon.xcodeproj */;
			proxyType = 1;
			remoteGlobalIDString = BEF31F390F352DF5000DE5D2;
			remoteInfo = Three20UICommon;
		};
		6EDAEA19118CA5D30008133C /* PBXContainerItemProxy */ = {
			isa = PBXContainerItemProxy;
			containerPortal = 6EDAEA03118CA5B50008133C /* Three20UICommon.xcodeproj */;
			proxyType = 1;
			remoteGlobalIDString = BEF31F390F352DF5000DE5D2;
			remoteInfo = Three20UICommon;
		};
		6EE7366B11849C5800A35176 /* PBXContainerItemProxy */ = {
			isa = PBXContainerItemProxy;
			containerPortal = 6EE7366611849C5800A35176 /* Three20Core.xcodeproj */;
			proxyType = 2;
			remoteGlobalIDString = BEF31F3A0F352DF5000DE5D2;
			remoteInfo = Three20Core;
		};
		6EE7366D11849C5800A35176 /* PBXContainerItemProxy */ = {
			isa = PBXContainerItemProxy;
			containerPortal = 6EE7366611849C5800A35176 /* Three20Core.xcodeproj */;
			proxyType = 2;
			remoteGlobalIDString = EB9E6C6210B6A8F800DE563C;
			remoteInfo = UnitTests;
		};
		6EE7367011849C6300A35176 /* PBXContainerItemProxy */ = {
			isa = PBXContainerItemProxy;
			containerPortal = 6EE7366611849C5800A35176 /* Three20Core.xcodeproj */;
			proxyType = 1;
			remoteGlobalIDString = BEF31F390F352DF5000DE5D2;
			remoteInfo = Three20Core;
		};
		6EE736C411849F9D00A35176 /* PBXContainerItemProxy */ = {
			isa = PBXContainerItemProxy;
			containerPortal = 6EE7366611849C5800A35176 /* Three20Core.xcodeproj */;
			proxyType = 1;
			remoteGlobalIDString = EB9E6C6110B6A8F800DE563C;
			remoteInfo = UnitTests;
		};
		6EE736C611849FA000A35176 /* PBXContainerItemProxy */ = {
			isa = PBXContainerItemProxy;
			containerPortal = 29B97313FDCFA39411CA2CEA /* Project object */;
			proxyType = 1;
			remoteGlobalIDString = BEF31F390F352DF5000DE5D2;
			remoteInfo = Three20UI;
		};
		6EE738A21184ADB400A35176 /* PBXContainerItemProxy */ = {
			isa = PBXContainerItemProxy;
			containerPortal = 6EE7389D1184ADB400A35176 /* Three20Network.xcodeproj */;
			proxyType = 2;
			remoteGlobalIDString = BEF31F3A0F352DF5000DE5D2;
			remoteInfo = Three20Network;
		};
		6EE738A41184ADB400A35176 /* PBXContainerItemProxy */ = {
			isa = PBXContainerItemProxy;
			containerPortal = 6EE7389D1184ADB400A35176 /* Three20Network.xcodeproj */;
			proxyType = 2;
			remoteGlobalIDString = EB9E6C6210B6A8F800DE563C;
			remoteInfo = UnitTests;
		};
		6EE738AA1184ADD000A35176 /* PBXContainerItemProxy */ = {
			isa = PBXContainerItemProxy;
			containerPortal = 6EE7389D1184ADB400A35176 /* Three20Network.xcodeproj */;
			proxyType = 1;
			remoteGlobalIDString = BEF31F390F352DF5000DE5D2;
			remoteInfo = Three20Network;
		};
		6EE738AC1184ADE300A35176 /* PBXContainerItemProxy */ = {
			isa = PBXContainerItemProxy;
			containerPortal = 6EE7389D1184ADB400A35176 /* Three20Network.xcodeproj */;
			proxyType = 1;
			remoteGlobalIDString = EB9E6C6110B6A8F800DE563C;
			remoteInfo = UnitTests;
		};
/* End PBXContainerItemProxy section */

/* Begin PBXFileReference section */
		6E64543D1184BE1B00F08CB1 /* Project.xcconfig */ = {isa = PBXFileReference; fileEncoding = 4; lastKnownFileType = text.xcconfig; name = Project.xcconfig; path = Configurations/Project.xcconfig; sourceTree = "<group>"; };
		6E6454731184D2CD00F08CB1 /* Three20UI.h */ = {isa = PBXFileReference; fileEncoding = 4; lastKnownFileType = sourcecode.c.h; name = Three20UI.h; path = Headers/Three20UI.h; sourceTree = "<group>"; };
		6E6454921184D3ED00F08CB1 /* Three20UI+Additions.h */ = {isa = PBXFileReference; fileEncoding = 4; lastKnownFileType = sourcecode.c.h; name = "Three20UI+Additions.h"; path = "Headers/Three20UI+Additions.h"; sourceTree = "<group>"; };
		6E6454A11184D42800F08CB1 /* Three20Style.xcodeproj */ = {isa = PBXFileReference; lastKnownFileType = "wrapper.pb-project"; name = Three20Style.xcodeproj; path = ../Three20Style/Three20Style.xcodeproj; sourceTree = SOURCE_ROOT; };
		6E6454C31184D4C500F08CB1 /* TTActivityLabel.h */ = {isa = PBXFileReference; fileEncoding = 4; lastKnownFileType = sourcecode.c.h; name = TTActivityLabel.h; path = Headers/TTActivityLabel.h; sourceTree = "<group>"; };
		6E6454C71184D4C500F08CB1 /* TTButton.h */ = {isa = PBXFileReference; fileEncoding = 4; lastKnownFileType = sourcecode.c.h; name = TTButton.h; path = Headers/TTButton.h; sourceTree = "<group>"; };
		6E6454C91184D4C500F08CB1 /* TTButtonContent.h */ = {isa = PBXFileReference; fileEncoding = 4; lastKnownFileType = sourcecode.c.h; name = TTButtonContent.h; path = Headers/TTButtonContent.h; sourceTree = "<group>"; };
		6E6454CE1184D4C500F08CB1 /* TTImageLayer.h */ = {isa = PBXFileReference; fileEncoding = 4; lastKnownFileType = sourcecode.c.h; name = TTImageLayer.h; path = Headers/TTImageLayer.h; sourceTree = "<group>"; };
		6E6454CF1184D4C500F08CB1 /* TTImageView.h */ = {isa = PBXFileReference; fileEncoding = 4; lastKnownFileType = sourcecode.c.h; name = TTImageView.h; path = Headers/TTImageView.h; sourceTree = "<group>"; };
		6E6454D01184D4C500F08CB1 /* TTImageViewDelegate.h */ = {isa = PBXFileReference; fileEncoding = 4; lastKnownFileType = sourcecode.c.h; name = TTImageViewDelegate.h; path = Headers/TTImageViewDelegate.h; sourceTree = "<group>"; };
		6E6454D11184D4C500F08CB1 /* TTImageViewInternal.h */ = {isa = PBXFileReference; fileEncoding = 4; lastKnownFileType = sourcecode.c.h; name = TTImageViewInternal.h; path = Headers/TTImageViewInternal.h; sourceTree = "<group>"; };
		6E6454D21184D4C500F08CB1 /* TTLabel.h */ = {isa = PBXFileReference; fileEncoding = 4; lastKnownFileType = sourcecode.c.h; name = TTLabel.h; path = Headers/TTLabel.h; sourceTree = "<group>"; };
		6E6454E01184D4C500F08CB1 /* TTModelViewController.h */ = {isa = PBXFileReference; fileEncoding = 4; lastKnownFileType = sourcecode.c.h; name = TTModelViewController.h; path = Headers/TTModelViewController.h; sourceTree = "<group>"; };
		6E6454E41184D4C500F08CB1 /* TTPageControl.h */ = {isa = PBXFileReference; fileEncoding = 4; lastKnownFileType = sourcecode.c.h; name = TTPageControl.h; path = Headers/TTPageControl.h; sourceTree = "<group>"; };
		6E64554F1184D4C500F08CB1 /* TTView.h */ = {isa = PBXFileReference; fileEncoding = 4; lastKnownFileType = sourcecode.c.h; name = TTView.h; path = Headers/TTView.h; sourceTree = "<group>"; };
		6E6455501184D4C500F08CB1 /* TTViewController.h */ = {isa = PBXFileReference; fileEncoding = 4; lastKnownFileType = sourcecode.c.h; name = TTViewController.h; path = Headers/TTViewController.h; sourceTree = "<group>"; };
		6E6455581184D4C500F08CB1 /* UITableViewAdditions.h */ = {isa = PBXFileReference; fileEncoding = 4; lastKnownFileType = sourcecode.c.h; name = UITableViewAdditions.h; path = Headers/UITableViewAdditions.h; sourceTree = "<group>"; };
		6E6455591184D4C500F08CB1 /* UIToolbarAdditions.h */ = {isa = PBXFileReference; fileEncoding = 4; lastKnownFileType = sourcecode.c.h; name = UIToolbarAdditions.h; path = Headers/UIToolbarAdditions.h; sourceTree = "<group>"; };
		6E64555A1184D4C500F08CB1 /* UIViewAdditions.h */ = {isa = PBXFileReference; fileEncoding = 4; lastKnownFileType = sourcecode.c.h; name = UIViewAdditions.h; path = Headers/UIViewAdditions.h; sourceTree = "<group>"; };
		6E64555C1184D4C500F08CB1 /* UIWebViewAdditions.h */ = {isa = PBXFileReference; fileEncoding = 4; lastKnownFileType = sourcecode.c.h; name = UIWebViewAdditions.h; path = Headers/UIWebViewAdditions.h; sourceTree = "<group>"; };
		6E6456011184D4DA00F08CB1 /* TTActivityLabel.m */ = {isa = PBXFileReference; fileEncoding = 4; lastKnownFileType = sourcecode.c.objc; name = TTActivityLabel.m; path = Sources/TTActivityLabel.m; sourceTree = "<group>"; };
		6E6456041184D4DA00F08CB1 /* TTButton.m */ = {isa = PBXFileReference; fileEncoding = 4; lastKnownFileType = sourcecode.c.objc; name = TTButton.m; path = Sources/TTButton.m; sourceTree = "<group>"; };
		6E6456061184D4DA00F08CB1 /* TTButtonContent.m */ = {isa = PBXFileReference; fileEncoding = 4; lastKnownFileType = sourcecode.c.objc; name = TTButtonContent.m; path = Sources/TTButtonContent.m; sourceTree = "<group>"; };
		6E64560B1184D4DA00F08CB1 /* TTImageLayer.m */ = {isa = PBXFileReference; fileEncoding = 4; lastKnownFileType = sourcecode.c.objc; name = TTImageLayer.m; path = Sources/TTImageLayer.m; sourceTree = "<group>"; };
		6E64560C1184D4DA00F08CB1 /* TTImageView.m */ = {isa = PBXFileReference; fileEncoding = 4; lastKnownFileType = sourcecode.c.objc; name = TTImageView.m; path = Sources/TTImageView.m; sourceTree = "<group>"; };
		6E64560D1184D4DA00F08CB1 /* TTImageViewInternal.m */ = {isa = PBXFileReference; fileEncoding = 4; lastKnownFileType = sourcecode.c.objc; name = TTImageViewInternal.m; path = Sources/TTImageViewInternal.m; sourceTree = "<group>"; };
		6E64560E1184D4DA00F08CB1 /* TTLabel.m */ = {isa = PBXFileReference; fileEncoding = 4; lastKnownFileType = sourcecode.c.objc; name = TTLabel.m; path = Sources/TTLabel.m; sourceTree = "<group>"; };
		6E64561A1184D4DA00F08CB1 /* TTModelViewController.m */ = {isa = PBXFileReference; fileEncoding = 4; lastKnownFileType = sourcecode.c.objc; name = TTModelViewController.m; path = Sources/TTModelViewController.m; sourceTree = "<group>"; };
		6E64561D1184D4DA00F08CB1 /* TTPageControl.m */ = {isa = PBXFileReference; fileEncoding = 4; lastKnownFileType = sourcecode.c.objc; name = TTPageControl.m; path = Sources/TTPageControl.m; sourceTree = "<group>"; };
		6E6456781184D4DA00F08CB1 /* TTView.m */ = {isa = PBXFileReference; fileEncoding = 4; lastKnownFileType = sourcecode.c.objc; name = TTView.m; path = Sources/TTView.m; sourceTree = "<group>"; };
		6E6456791184D4DA00F08CB1 /* TTViewController.m */ = {isa = PBXFileReference; fileEncoding = 4; lastKnownFileType = sourcecode.c.objc; name = TTViewController.m; path = Sources/TTViewController.m; sourceTree = "<group>"; };
		6E6456811184D4DA00F08CB1 /* UITableViewAdditions.m */ = {isa = PBXFileReference; fileEncoding = 4; lastKnownFileType = sourcecode.c.objc; name = UITableViewAdditions.m; path = Sources/UITableViewAdditions.m; sourceTree = "<group>"; };
		6E6456821184D4DA00F08CB1 /* UIToolbarAdditions.m */ = {isa = PBXFileReference; fileEncoding = 4; lastKnownFileType = sourcecode.c.objc; name = UIToolbarAdditions.m; path = Sources/UIToolbarAdditions.m; sourceTree = "<group>"; };
		6E6456831184D4DA00F08CB1 /* UIViewAdditions.m */ = {isa = PBXFileReference; fileEncoding = 4; lastKnownFileType = sourcecode.c.objc; name = UIViewAdditions.m; path = Sources/UIViewAdditions.m; sourceTree = "<group>"; };
		6E6456851184D4DA00F08CB1 /* UIWebViewAdditions.m */ = {isa = PBXFileReference; fileEncoding = 4; lastKnownFileType = sourcecode.c.objc; name = UIWebViewAdditions.m; path = Sources/UIWebViewAdditions.m; sourceTree = "<group>"; };
		6E6458CB11875F8400F08CB1 /* Three20UI_Prefix.pch */ = {isa = PBXFileReference; fileEncoding = 4; lastKnownFileType = sourcecode.c.h; name = Three20UI_Prefix.pch; path = Headers/Three20UI_Prefix.pch; sourceTree = "<group>"; };
		6E6459371187645D00F08CB1 /* UIGlobalTests.m */ = {isa = PBXFileReference; fileEncoding = 4; lastKnownFileType = sourcecode.c.objc; name = UIGlobalTests.m; path = UnitTests/UIGlobalTests.m; sourceTree = "<group>"; };
		6EDAEA03118CA5B50008133C /* Three20UICommon.xcodeproj */ = {isa = PBXFileReference; lastKnownFileType = "wrapper.pb-project"; name = Three20UICommon.xcodeproj; path = ../Three20UICommon/Three20UICommon.xcodeproj; sourceTree = "<group>"; };
		6EE7363D11849AD500A35176 /* UnitTests-Info.plist */ = {isa = PBXFileReference; fileEncoding = 4; lastKnownFileType = text.plist.xml; name = "UnitTests-Info.plist"; path = "UnitTests/Resources/PropertyLists/UnitTests-Info.plist"; sourceTree = "<group>"; };
		6EE7364B11849B3D00A35176 /* Library.xcconfig */ = {isa = PBXFileReference; fileEncoding = 4; lastKnownFileType = text.xcconfig; name = Library.xcconfig; path = Configurations/Library.xcconfig; sourceTree = "<group>"; };
		6EE7364C11849B3D00A35176 /* UnitTests.xcconfig */ = {isa = PBXFileReference; fileEncoding = 4; lastKnownFileType = text.xcconfig; name = UnitTests.xcconfig; path = Configurations/UnitTests.xcconfig; sourceTree = "<group>"; };
		6EE7366611849C5800A35176 /* Three20Core.xcodeproj */ = {isa = PBXFileReference; lastKnownFileType = "wrapper.pb-project"; name = Three20Core.xcodeproj; path = ../Three20Core/Three20Core.xcodeproj; sourceTree = SOURCE_ROOT; };
		6EE7389D1184ADB400A35176 /* Three20Network.xcodeproj */ = {isa = PBXFileReference; lastKnownFileType = "wrapper.pb-project"; name = Three20Network.xcodeproj; path = ../Three20Network/Three20Network.xcodeproj; sourceTree = SOURCE_ROOT; };
		BEF31F3A0F352DF5000DE5D2 /* libThree20UI.a */ = {isa = PBXFileReference; explicitFileType = archive.ar; includeInIndex = 0; path = libThree20UI.a; sourceTree = BUILT_PRODUCTS_DIR; };
		EB9E6C6210B6A8F800DE563C /* UIUnitTests.octest */ = {isa = PBXFileReference; explicitFileType = wrapper.cfbundle; includeInIndex = 0; path = UIUnitTests.octest; sourceTree = BUILT_PRODUCTS_DIR; };
/* End PBXFileReference section */

/* Begin PBXFrameworksBuildPhase section */
		BEF31F380F352DF5000DE5D2 /* Frameworks */ = {
			isa = PBXFrameworksBuildPhase;
			buildActionMask = 2147483647;
			files = (
			);
			runOnlyForDeploymentPostprocessing = 0;
		};
		EB9E6C5F10B6A8F800DE563C /* Frameworks */ = {
			isa = PBXFrameworksBuildPhase;
			buildActionMask = 2147483647;
			files = (
				6EE736C811849FAB00A35176 /* libThree20Core.a in Frameworks */,
				6EE738A61184ADB800A35176 /* libThree20Network.a in Frameworks */,
				6EE739D01184BB0400A35176 /* libThree20UI.a in Frameworks */,
				6E6454AA1184D43100F08CB1 /* libThree20Style.a in Frameworks */,
				6EDAEA1D118CA5E20008133C /* libThree20UICommon.a in Frameworks */,
			);
			runOnlyForDeploymentPostprocessing = 0;
		};
/* End PBXFrameworksBuildPhase section */

/* Begin PBXGroup section */
		19C28FACFE9D520D11CA2CBB /* Products */ = {
			isa = PBXGroup;
			children = (
				BEF31F3A0F352DF5000DE5D2 /* libThree20UI.a */,
				EB9E6C6210B6A8F800DE563C /* UIUnitTests.octest */,
			);
			name = Products;
			sourceTree = "<group>";
		};
		29B97314FDCFA39411CA2CEA /* CustomTemplate */ = {
			isa = PBXGroup;
			children = (
				6E6454731184D2CD00F08CB1 /* Three20UI.h */,
				6E6454921184D3ED00F08CB1 /* Three20UI+Additions.h */,
				6E6458CB11875F8400F08CB1 /* Three20UI_Prefix.pch */,
				6EE737001184A1D500A35176 /* Source */,
				6E08B743118397FA00DA1579 /* Dependencies */,
				6EE7364D11849B4200A35176 /* Configurations */,
				6E08B274118282F700DA1579 /* Tests */,
				19C28FACFE9D520D11CA2CBB /* Products */,
			);
			name = CustomTemplate;
			sourceTree = "<group>";
		};
		6E08B274118282F700DA1579 /* Tests */ = {
			isa = PBXGroup;
			children = (
				6EE7364611849AF200A35176 /* Resources */,
				6E6459371187645D00F08CB1 /* UIGlobalTests.m */,
			);
			name = Tests;
			sourceTree = "<group>";
		};
		6E08B743118397FA00DA1579 /* Dependencies */ = {
			isa = PBXGroup;
			children = (
				6EE7366611849C5800A35176 /* Three20Core.xcodeproj */,
				6EE7389D1184ADB400A35176 /* Three20Network.xcodeproj */,
				6E6454A11184D42800F08CB1 /* Three20Style.xcodeproj */,
				6EDAEA03118CA5B50008133C /* Three20UICommon.xcodeproj */,
			);
			name = Dependencies;
			sourceTree = "<group>";
		};
		6E6454A21184D42800F08CB1 /* Products */ = {
			isa = PBXGroup;
			children = (
				6E6454A71184D42800F08CB1 /* libThree20Style.a */,
				6E6454A91184D42800F08CB1 /* StyleUnitTests.octest */,
			);
			name = Products;
			sourceTree = "<group>";
		};
		6E6457981184D53100F08CB1 /* Additions */ = {
			isa = PBXGroup;
			children = (
				6E6455581184D4C500F08CB1 /* UITableViewAdditions.h */,
				6E6456811184D4DA00F08CB1 /* UITableViewAdditions.m */,
				6E6455591184D4C500F08CB1 /* UIToolbarAdditions.h */,
				6E6456821184D4DA00F08CB1 /* UIToolbarAdditions.m */,
				6E64555A1184D4C500F08CB1 /* UIViewAdditions.h */,
				6E6456831184D4DA00F08CB1 /* UIViewAdditions.m */,
				6E64555C1184D4C500F08CB1 /* UIWebViewAdditions.h */,
				6E6456851184D4DA00F08CB1 /* UIWebViewAdditions.m */,
			);
			name = Additions;
			sourceTree = "<group>";
		};
		6E6457A01184D78000F08CB1 /* View Controllers */ = {
			isa = PBXGroup;
			children = (
				6E6455501184D4C500F08CB1 /* TTViewController.h */,
				6E6456791184D4DA00F08CB1 /* TTViewController.m */,
				6E6457A21184D7D600F08CB1 /* Model Controller */,
			);
			name = "View Controllers";
			sourceTree = "<group>";
		};
		6E6457A21184D7D600F08CB1 /* Model Controller */ = {
			isa = PBXGroup;
			children = (
				6E6454E01184D4C500F08CB1 /* TTModelViewController.h */,
				6E64561A1184D4DA00F08CB1 /* TTModelViewController.m */,
			);
			name = "Model Controller";
			sourceTree = "<group>";
		};
		6E6457AE1184D91100F08CB1 /* Views */ = {
			isa = PBXGroup;
			children = (
				6E64554F1184D4C500F08CB1 /* TTView.h */,
				6E6456781184D4DA00F08CB1 /* TTView.m */,
				6E6457B01184D95300F08CB1 /* Image View */,
			);
			name = Views;
			sourceTree = "<group>";
		};
		6E6457B01184D95300F08CB1 /* Image View */ = {
			isa = PBXGroup;
			children = (
				6E6454CF1184D4C500F08CB1 /* TTImageView.h */,
				6E64560C1184D4DA00F08CB1 /* TTImageView.m */,
				6E6454D01184D4C500F08CB1 /* TTImageViewDelegate.h */,
				6E6457B11184D96100F08CB1 /* Private */,
			);
			name = "Image View";
			sourceTree = "<group>";
		};
		6E6457B11184D96100F08CB1 /* Private */ = {
			isa = PBXGroup;
			children = (
				6E6454CE1184D4C500F08CB1 /* TTImageLayer.h */,
				6E64560B1184D4DA00F08CB1 /* TTImageLayer.m */,
				6E6454D11184D4C500F08CB1 /* TTImageViewInternal.h */,
				6E64560D1184D4DA00F08CB1 /* TTImageViewInternal.m */,
			);
			name = Private;
			sourceTree = "<group>";
		};
		6E6457B31184DA7600F08CB1 /* Labels */ = {
			isa = PBXGroup;
			children = (
				6E6454D21184D4C500F08CB1 /* TTLabel.h */,
				6E64560E1184D4DA00F08CB1 /* TTLabel.m */,
				6E6457B51184DAD000F08CB1 /* Activity Label */,
			);
			name = Labels;
			sourceTree = "<group>";
		};
		6E6457B51184DAD000F08CB1 /* Activity Label */ = {
			isa = PBXGroup;
			children = (
				6E6454C31184D4C500F08CB1 /* TTActivityLabel.h */,
				6E6456011184D4DA00F08CB1 /* TTActivityLabel.m */,
			);
			name = "Activity Label";
			sourceTree = "<group>";
		};
		6E6457B71184DB1700F08CB1 /* Buttons and Tabs */ = {
			isa = PBXGroup;
			children = (
				6E6454C71184D4C500F08CB1 /* TTButton.h */,
				6E6456041184D4DA00F08CB1 /* TTButton.m */,
				6E6457B91184DB4000F08CB1 /* Private */,
				6E64581D1184DDDF00F08CB1 /* Page Control */,
			);
			name = "Buttons and Tabs";
			sourceTree = "<group>";
		};
		6E6457B91184DB4000F08CB1 /* Private */ = {
			isa = PBXGroup;
			children = (
				6E6454C91184D4C500F08CB1 /* TTButtonContent.h */,
				6E6456061184D4DA00F08CB1 /* TTButtonContent.m */,
			);
			name = Private;
			sourceTree = "<group>";
		};
		6E64581D1184DDDF00F08CB1 /* Page Control */ = {
			isa = PBXGroup;
			children = (
				6E6454E41184D4C500F08CB1 /* TTPageControl.h */,
				6E64561D1184D4DA00F08CB1 /* TTPageControl.m */,
			);
			name = "Page Control";
			sourceTree = "<group>";
		};
		6EDAEA04118CA5B50008133C /* Products */ = {
			isa = PBXGroup;
			children = (
				6EDAEA09118CA5B50008133C /* libThree20UICommon.a */,
				6EDAEA0B118CA5B50008133C /* UICommonUnitTests.octest */,
			);
			name = Products;
			sourceTree = "<group>";
		};
		6EE7364611849AF200A35176 /* Resources */ = {
			isa = PBXGroup;
			children = (
				6EE7363D11849AD500A35176 /* UnitTests-Info.plist */,
			);
			name = Resources;
			sourceTree = "<group>";
		};
		6EE7364D11849B4200A35176 /* Configurations */ = {
			isa = PBXGroup;
			children = (
				6EE7364B11849B3D00A35176 /* Library.xcconfig */,
				6E64543D1184BE1B00F08CB1 /* Project.xcconfig */,
				6EE7364C11849B3D00A35176 /* UnitTests.xcconfig */,
			);
			name = Configurations;
			sourceTree = "<group>";
		};
		6EE7366711849C5800A35176 /* Products */ = {
			isa = PBXGroup;
			children = (
				6EE7366C11849C5800A35176 /* libThree20Core.a */,
				6EE7366E11849C5800A35176 /* CoreUnitTests.octest */,
			);
			name = Products;
			sourceTree = "<group>";
		};
		6EE737001184A1D500A35176 /* Source */ = {
			isa = PBXGroup;
			children = (
				6E6457981184D53100F08CB1 /* Additions */,
				6E6457A01184D78000F08CB1 /* View Controllers */,
				6E6457AE1184D91100F08CB1 /* Views */,
				6E6457B31184DA7600F08CB1 /* Labels */,
				6E6457B71184DB1700F08CB1 /* Buttons and Tabs */,
			);
			name = Source;
			sourceTree = "<group>";
		};
		6EE7389E1184ADB400A35176 /* Products */ = {
			isa = PBXGroup;
			children = (
				6EE738A31184ADB400A35176 /* libThree20Network.a */,
				6EE738A51184ADB400A35176 /* NetworkUnitTests.octest */,
			);
			name = Products;
			sourceTree = "<group>";
		};
/* End PBXGroup section */

/* Begin PBXHeadersBuildPhase section */
		BEF31F360F352DF5000DE5D2 /* Headers */ = {
			isa = PBXHeadersBuildPhase;
			buildActionMask = 2147483647;
			files = (
				6E6454741184D2CD00F08CB1 /* Three20UI.h in Headers */,
				6E6454931184D3ED00F08CB1 /* Three20UI+Additions.h in Headers */,
				6E6455611184D4C500F08CB1 /* TTActivityLabel.h in Headers */,
				6E6455651184D4C500F08CB1 /* TTButton.h in Headers */,
				6E6455671184D4C500F08CB1 /* TTButtonContent.h in Headers */,
				6E64556C1184D4C500F08CB1 /* TTImageLayer.h in Headers */,
				6E64556D1184D4C500F08CB1 /* TTImageView.h in Headers */,
				6E64556E1184D4C500F08CB1 /* TTImageViewDelegate.h in Headers */,
				6E64556F1184D4C500F08CB1 /* TTImageViewInternal.h in Headers */,
				6E6455701184D4C500F08CB1 /* TTLabel.h in Headers */,
				6E64557E1184D4C500F08CB1 /* TTModelViewController.h in Headers */,
				6E6455821184D4C500F08CB1 /* TTPageControl.h in Headers */,
				6E6455ED1184D4C500F08CB1 /* TTView.h in Headers */,
				6E6455EE1184D4C500F08CB1 /* TTViewController.h in Headers */,
				6E6455F61184D4C500F08CB1 /* UITableViewAdditions.h in Headers */,
				6E6455F71184D4C500F08CB1 /* UIToolbarAdditions.h in Headers */,
				6E6455F81184D4C500F08CB1 /* UIViewAdditions.h in Headers */,
				6E6455FA1184D4C500F08CB1 /* UIWebViewAdditions.h in Headers */,
			);
			runOnlyForDeploymentPostprocessing = 0;
		};
/* End PBXHeadersBuildPhase section */

/* Begin PBXNativeTarget section */
		BEF31F390F352DF5000DE5D2 /* Three20UI */ = {
			isa = PBXNativeTarget;
			buildConfigurationList = BEF31F410F352E14000DE5D2 /* Build configuration list for PBXNativeTarget "Three20UI" */;
			buildPhases = (
				BEF31F360F352DF5000DE5D2 /* Headers */,
				6E645F461187B01F00F08CB1 /* Protect Copied Headers */,
				BEF31F370F352DF5000DE5D2 /* Sources */,
				668E65E7131ADFCA00ACE4AB /* Lint */,
				BEF31F380F352DF5000DE5D2 /* Frameworks */,
			);
			buildRules = (
			);
			dependencies = (
				6EE7367111849C6300A35176 /* PBXTargetDependency */,
				6EE738AB1184ADD000A35176 /* PBXTargetDependency */,
				6E6454AF1184D46800F08CB1 /* PBXTargetDependency */,
				6EDAEA16118CA5CA0008133C /* PBXTargetDependency */,
			);
			name = Three20UI;
			productName = Three20;
			productReference = BEF31F3A0F352DF5000DE5D2 /* libThree20UI.a */;
			productType = "com.apple.product-type.library.static";
		};
		EB9E6C6110B6A8F800DE563C /* Three20UIUnitTests */ = {
			isa = PBXNativeTarget;
			buildConfigurationList = EB9E6C6710B6A8F900DE563C /* Build configuration list for PBXNativeTarget "Three20UIUnitTests" */;
			buildPhases = (
				EB9E6C5D10B6A8F800DE563C /* Resources */,
				EB9E6C5E10B6A8F800DE563C /* Sources */,
				EB9E6C5F10B6A8F800DE563C /* Frameworks */,
				EB9E6C6010B6A8F800DE563C /* ShellScript */,
			);
			buildRules = (
			);
			dependencies = (
				6EE736C511849F9D00A35176 /* PBXTargetDependency */,
				6EE738AD1184ADE300A35176 /* PBXTargetDependency */,
				6E6454AD1184D45600F08CB1 /* PBXTargetDependency */,
				6EE736C711849FA000A35176 /* PBXTargetDependency */,
				6EDAEA1A118CA5D30008133C /* PBXTargetDependency */,
			);
			name = Three20UIUnitTests;
			productName = CoreUnitTests;
			productReference = EB9E6C6210B6A8F800DE563C /* UIUnitTests.octest */;
			productType = "com.apple.product-type.bundle";
		};
/* End PBXNativeTarget section */

/* Begin PBXProject section */
		29B97313FDCFA39411CA2CEA /* Project object */ = {
			isa = PBXProject;
			attributes = {
				BuildIndependentTargetsInParallel = YES;
				LastUpgradeCheck = 0420;
			};
			buildConfigurationList = C01FCF4E08A954540054247B /* Build configuration list for PBXProject "Three20UI" */;
			compatibilityVersion = "Xcode 3.2";
			developmentRegion = English;
			hasScannedForEncodings = 1;
			knownRegions = (
				English,
				Japanese,
				French,
				German,
			);
			mainGroup = 29B97314FDCFA39411CA2CEA /* CustomTemplate */;
			projectDirPath = "";
			projectReferences = (
				{
					ProductGroup = 6EE7366711849C5800A35176 /* Products */;
					ProjectRef = 6EE7366611849C5800A35176 /* Three20Core.xcodeproj */;
				},
				{
					ProductGroup = 6EE7389E1184ADB400A35176 /* Products */;
					ProjectRef = 6EE7389D1184ADB400A35176 /* Three20Network.xcodeproj */;
				},
				{
					ProductGroup = 6E6454A21184D42800F08CB1 /* Products */;
					ProjectRef = 6E6454A11184D42800F08CB1 /* Three20Style.xcodeproj */;
				},
				{
					ProductGroup = 6EDAEA04118CA5B50008133C /* Products */;
					ProjectRef = 6EDAEA03118CA5B50008133C /* Three20UICommon.xcodeproj */;
				},
			);
			projectRoot = "";
			targets = (
				BEF31F390F352DF5000DE5D2 /* Three20UI */,
				EB9E6C6110B6A8F800DE563C /* Three20UIUnitTests */,
			);
		};
/* End PBXProject section */

/* Begin PBXReferenceProxy section */
		6E6454A71184D42800F08CB1 /* libThree20Style.a */ = {
			isa = PBXReferenceProxy;
			fileType = archive.ar;
			path = libThree20Style.a;
			remoteRef = 6E6454A61184D42800F08CB1 /* PBXContainerItemProxy */;
			sourceTree = BUILT_PRODUCTS_DIR;
		};
		6E6454A91184D42800F08CB1 /* StyleUnitTests.octest */ = {
			isa = PBXReferenceProxy;
			fileType = wrapper.cfbundle;
			path = StyleUnitTests.octest;
			remoteRef = 6E6454A81184D42800F08CB1 /* PBXContainerItemProxy */;
			sourceTree = BUILT_PRODUCTS_DIR;
		};
		6EDAEA09118CA5B50008133C /* libThree20UICommon.a */ = {
			isa = PBXReferenceProxy;
			fileType = archive.ar;
			path = libThree20UICommon.a;
			remoteRef = 6EDAEA08118CA5B50008133C /* PBXContainerItemProxy */;
			sourceTree = BUILT_PRODUCTS_DIR;
		};
		6EDAEA0B118CA5B50008133C /* UICommonUnitTests.octest */ = {
			isa = PBXReferenceProxy;
			fileType = wrapper.cfbundle;
			path = UICommonUnitTests.octest;
			remoteRef = 6EDAEA0A118CA5B50008133C /* PBXContainerItemProxy */;
			sourceTree = BUILT_PRODUCTS_DIR;
		};
		6EE7366C11849C5800A35176 /* libThree20Core.a */ = {
			isa = PBXReferenceProxy;
			fileType = archive.ar;
			path = libThree20Core.a;
			remoteRef = 6EE7366B11849C5800A35176 /* PBXContainerItemProxy */;
			sourceTree = BUILT_PRODUCTS_DIR;
		};
		6EE7366E11849C5800A35176 /* CoreUnitTests.octest */ = {
			isa = PBXReferenceProxy;
			fileType = wrapper.cfbundle;
			path = CoreUnitTests.octest;
			remoteRef = 6EE7366D11849C5800A35176 /* PBXContainerItemProxy */;
			sourceTree = BUILT_PRODUCTS_DIR;
		};
		6EE738A31184ADB400A35176 /* libThree20Network.a */ = {
			isa = PBXReferenceProxy;
			fileType = archive.ar;
			path = libThree20Network.a;
			remoteRef = 6EE738A21184ADB400A35176 /* PBXContainerItemProxy */;
			sourceTree = BUILT_PRODUCTS_DIR;
		};
		6EE738A51184ADB400A35176 /* NetworkUnitTests.octest */ = {
			isa = PBXReferenceProxy;
			fileType = wrapper.cfbundle;
			path = NetworkUnitTests.octest;
			remoteRef = 6EE738A41184ADB400A35176 /* PBXContainerItemProxy */;
			sourceTree = BUILT_PRODUCTS_DIR;
		};
/* End PBXReferenceProxy section */

/* Begin PBXResourcesBuildPhase section */
		EB9E6C5D10B6A8F800DE563C /* Resources */ = {
			isa = PBXResourcesBuildPhase;
			buildActionMask = 2147483647;
			files = (
			);
			runOnlyForDeploymentPostprocessing = 0;
		};
/* End PBXResourcesBuildPhase section */

/* Begin PBXShellScriptBuildPhase section */
		668E65E7131ADFCA00ACE4AB /* Lint */ = {
			isa = PBXShellScriptBuildPhase;
			buildActionMask = 2147483647;
			files = (
			);
			inputPaths = (
			);
			name = Lint;
			outputPaths = (
			);
			runOnlyForDeploymentPostprocessing = 0;
			shellPath = "/usr/bin/env python ../scripts/lint";
			shellScript = "";
			showEnvVarsInLog = 0;
		};
		6E645F461187B01F00F08CB1 /* Protect Copied Headers */ = {
			isa = PBXShellScriptBuildPhase;
			buildActionMask = 2147483647;
			files = (
			);
			inputPaths = (
			);
			name = "Protect Copied Headers";
			outputPaths = (
			);
			runOnlyForDeploymentPostprocessing = 0;
			shellPath = "/bin/sh ../scripts/Protect.command";
			shellScript = "";
		};
		EB9E6C6010B6A8F800DE563C /* ShellScript */ = {
			isa = PBXShellScriptBuildPhase;
			buildActionMask = 2147483647;
			files = (
			);
			inputPaths = (
			);
			outputPaths = (
			);
			runOnlyForDeploymentPostprocessing = 0;
			shellPath = /bin/sh;
			shellScript = "# Run the unit tests in this test bundle.\n\"${SYSTEM_DEVELOPER_DIR}/Tools/RunUnitTests\"\n";
		};
/* End PBXShellScriptBuildPhase section */

/* Begin PBXSourcesBuildPhase section */
		BEF31F370F352DF5000DE5D2 /* Sources */ = {
			isa = PBXSourcesBuildPhase;
			buildActionMask = 2147483647;
			files = (
				6E6456891184D4DA00F08CB1 /* TTActivityLabel.m in Sources */,
				6E64568C1184D4DA00F08CB1 /* TTButton.m in Sources */,
				6E64568E1184D4DA00F08CB1 /* TTButtonContent.m in Sources */,
				6E6456931184D4DA00F08CB1 /* TTImageLayer.m in Sources */,
				6E6456941184D4DA00F08CB1 /* TTImageView.m in Sources */,
				6E6456951184D4DA00F08CB1 /* TTImageViewInternal.m in Sources */,
				6E6456961184D4DA00F08CB1 /* TTLabel.m in Sources */,
				6E6456A21184D4DA00F08CB1 /* TTModelViewController.m in Sources */,
				6E6456A51184D4DA00F08CB1 /* TTPageControl.m in Sources */,
				6E6457001184D4DA00F08CB1 /* TTView.m in Sources */,
				6E6457011184D4DA00F08CB1 /* TTViewController.m in Sources */,
				6E6457091184D4DA00F08CB1 /* UITableViewAdditions.m in Sources */,
				6E64570A1184D4DA00F08CB1 /* UIToolbarAdditions.m in Sources */,
				6E64570B1184D4DA00F08CB1 /* UIViewAdditions.m in Sources */,
				6E64570D1184D4DA00F08CB1 /* UIWebViewAdditions.m in Sources */,
			);
			runOnlyForDeploymentPostprocessing = 0;
		};
		EB9E6C5E10B6A8F800DE563C /* Sources */ = {
			isa = PBXSourcesBuildPhase;
			buildActionMask = 2147483647;
			files = (
				6E6459381187645D00F08CB1 /* UIGlobalTests.m in Sources */,
			);
			runOnlyForDeploymentPostprocessing = 0;
		};
/* End PBXSourcesBuildPhase section */

/* Begin PBXTargetDependency section */
		6E6454AD1184D45600F08CB1 /* PBXTargetDependency */ = {
			isa = PBXTargetDependency;
			name = UnitTests;
			targetProxy = 6E6454AC1184D45600F08CB1 /* PBXContainerItemProxy */;
		};
		6E6454AF1184D46800F08CB1 /* PBXTargetDependency */ = {
			isa = PBXTargetDependency;
			name = Three20Style;
			targetProxy = 6E6454AE1184D46800F08CB1 /* PBXContainerItemProxy */;
		};
		6EDAEA16118CA5CA0008133C /* PBXTargetDependency */ = {
			isa = PBXTargetDependency;
			name = Three20UICommon;
			targetProxy = 6EDAEA15118CA5CA0008133C /* PBXContainerItemProxy */;
		};
		6EDAEA1A118CA5D30008133C /* PBXTargetDependency */ = {
			isa = PBXTargetDependency;
			name = Three20UICommon;
			targetProxy = 6EDAEA19118CA5D30008133C /* PBXContainerItemProxy */;
		};
		6EE7367111849C6300A35176 /* PBXTargetDependency */ = {
			isa = PBXTargetDependency;
			name = Three20Core;
			targetProxy = 6EE7367011849C6300A35176 /* PBXContainerItemProxy */;
		};
		6EE736C511849F9D00A35176 /* PBXTargetDependency */ = {
			isa = PBXTargetDependency;
			name = UnitTests;
			targetProxy = 6EE736C411849F9D00A35176 /* PBXContainerItemProxy */;
		};
		6EE736C711849FA000A35176 /* PBXTargetDependency */ = {
			isa = PBXTargetDependency;
			target = BEF31F390F352DF5000DE5D2 /* Three20UI */;
			targetProxy = 6EE736C611849FA000A35176 /* PBXContainerItemProxy */;
		};
		6EE738AB1184ADD000A35176 /* PBXTargetDependency */ = {
			isa = PBXTargetDependency;
			name = Three20Network;
			targetProxy = 6EE738AA1184ADD000A35176 /* PBXContainerItemProxy */;
		};
		6EE738AD1184ADE300A35176 /* PBXTargetDependency */ = {
			isa = PBXTargetDependency;
			name = UnitTests;
			targetProxy = 6EE738AC1184ADE300A35176 /* PBXContainerItemProxy */;
		};
/* End PBXTargetDependency section */

/* Begin XCBuildConfiguration section */
		6E92493F112C6F4000531F03 /* Internal */ = {
			isa = XCBuildConfiguration;
			baseConfigurationReference = 6E64543D1184BE1B00F08CB1 /* Project.xcconfig */;
			buildSettings = {
				"ARCHS[sdk=iphoneos*]" = "$(ARCHS_STANDARD_32_BIT)";
				GCC_C_LANGUAGE_STANDARD = c99;
				GCC_WARN_ABOUT_RETURN_TYPE = YES;
				GCC_WARN_UNUSED_VARIABLE = YES;
				IPHONEOS_DEPLOYMENT_TARGET = 4.3;
				OTHER_LDFLAGS = "-ObjC";
				SDKROOT = iphoneos;
				VALID_ARCHS = "$(ARCHS_STANDARD_32_BIT)";
			};
			name = Internal;
		};
		6E924940112C6F4000531F03 /* Internal */ = {
			isa = XCBuildConfiguration;
			baseConfigurationReference = 6EE7364B11849B3D00A35176 /* Library.xcconfig */;
			buildSettings = {
				"ARCHS[sdk=iphoneos*]" = "$(ARCHS_STANDARD_32_BIT)";
				COPY_PHASE_STRIP = NO;
				GCC_DYNAMIC_NO_PIC = NO;
				GCC_OPTIMIZATION_LEVEL = 0;
				GCC_PRECOMPILE_PREFIX_HEADER = NO;
				GCC_PREFIX_HEADER = "";
				GCC_PREPROCESSOR_DEFINITIONS = DEBUG;
				IPHONEOS_DEPLOYMENT_TARGET = 4.3;
				RUN_CLANG_STATIC_ANALYZER = YES;
				SDKROOT = iphoneos;
				VALID_ARCHS = "$(ARCHS_STANDARD_32_BIT) i386";
			};
			name = Internal;
		};
		6E924941112C6F4000531F03 /* Internal */ = {
			isa = XCBuildConfiguration;
			baseConfigurationReference = 6EE7364C11849B3D00A35176 /* UnitTests.xcconfig */;
			buildSettings = {
				COPY_PHASE_STRIP = NO;
				GCC_DYNAMIC_NO_PIC = NO;
				GCC_ENABLE_OBJC_EXCEPTIONS = YES;
				GCC_OPTIMIZATION_LEVEL = 0;
				GCC_PRECOMPILE_PREFIX_HEADER = NO;
				GCC_PREFIX_HEADER = "";
				GCC_PREPROCESSOR_DEFINITIONS = DEBUG;
				SDKROOT = iphoneos;
				WRAPPER_EXTENSION = octest;
			};
			name = Internal;
		};
		BEF31F3B0F352DF6000DE5D2 /* Debug */ = {
			isa = XCBuildConfiguration;
			baseConfigurationReference = 6EE7364B11849B3D00A35176 /* Library.xcconfig */;
			buildSettings = {
				"ARCHS[sdk=iphoneos*]" = "$(ARCHS_STANDARD_32_BIT)";
				COPY_PHASE_STRIP = NO;
				GCC_DYNAMIC_NO_PIC = NO;
				GCC_OPTIMIZATION_LEVEL = 0;
				GCC_PREPROCESSOR_DEFINITIONS = DEBUG;
				IPHONEOS_DEPLOYMENT_TARGET = 4.3;
				SDKROOT = iphoneos;
				VALID_ARCHS = "$(ARCHS_STANDARD_32_BIT) i386";
			};
			name = Debug;
		};
		BEF31F3C0F352DF6000DE5D2 /* Release */ = {
			isa = XCBuildConfiguration;
			baseConfigurationReference = 6EE7364B11849B3D00A35176 /* Library.xcconfig */;
			buildSettings = {
				"ARCHS[sdk=iphoneos*]" = "$(ARCHS_STANDARD_32_BIT)";
				COPY_PHASE_STRIP = YES;
				DEBUG_INFORMATION_FORMAT = "dwarf-with-dsym";
				IPHONEOS_DEPLOYMENT_TARGET = 4.3;
				SDKROOT = iphoneos;
				VALID_ARCHS = "$(ARCHS_STANDARD_32_BIT) i386";
				ZERO_LINK = NO;
			};
			name = Release;
		};
		C01FCF4F08A954540054247B /* Debug */ = {
			isa = XCBuildConfiguration;
			baseConfigurationReference = 6E64543D1184BE1B00F08CB1 /* Project.xcconfig */;
			buildSettings = {
				"ARCHS[sdk=iphoneos*]" = "$(ARCHS_STANDARD_32_BIT)";
				GCC_C_LANGUAGE_STANDARD = c99;
				GCC_WARN_ABOUT_RETURN_TYPE = YES;
				GCC_WARN_UNUSED_VARIABLE = YES;
				IPHONEOS_DEPLOYMENT_TARGET = 4.3;
				OTHER_LDFLAGS = "-ObjC";
				SDKROOT = iphoneos;
				VALID_ARCHS = "$(ARCHS_STANDARD_32_BIT)";
			};
			name = Debug;
		};
		C01FCF5008A954540054247B /* Release */ = {
			isa = XCBuildConfiguration;
			baseConfigurationReference = 6E64543D1184BE1B00F08CB1 /* Project.xcconfig */;
			buildSettings = {
				"ARCHS[sdk=iphoneos*]" = "$(ARCHS_STANDARD_32_BIT)";
				GCC_C_LANGUAGE_STANDARD = c99;
				GCC_WARN_ABOUT_RETURN_TYPE = YES;
				GCC_WARN_UNUSED_VARIABLE = YES;
				IPHONEOS_DEPLOYMENT_TARGET = 4.3;
				OTHER_LDFLAGS = "-ObjC";
				SDKROOT = iphoneos;
				VALID_ARCHS = "$(ARCHS_STANDARD_32_BIT)";
			};
			name = Release;
		};
		EB9E6C6510B6A8F900DE563C /* Debug */ = {
			isa = XCBuildConfiguration;
			baseConfigurationReference = 6EE7364C11849B3D00A35176 /* UnitTests.xcconfig */;
			buildSettings = {
				COPY_PHASE_STRIP = NO;
				GCC_DYNAMIC_NO_PIC = NO;
				GCC_ENABLE_OBJC_EXCEPTIONS = YES;
				GCC_OPTIMIZATION_LEVEL = 0;
				GCC_PRECOMPILE_PREFIX_HEADER = YES;
				GCC_PREPROCESSOR_DEFINITIONS = DEBUG;
				SDKROOT = iphoneos;
				WRAPPER_EXTENSION = octest;
			};
			name = Debug;
		};
		EB9E6C6610B6A8F900DE563C /* Release */ = {
			isa = XCBuildConfiguration;
			baseConfigurationReference = 6EE7364C11849B3D00A35176 /* UnitTests.xcconfig */;
			buildSettings = {
				COPY_PHASE_STRIP = YES;
				DEBUG_INFORMATION_FORMAT = "dwarf-with-dsym";
				GCC_ENABLE_OBJC_EXCEPTIONS = YES;
				GCC_PRECOMPILE_PREFIX_HEADER = YES;
				SDKROOT = iphoneos;
				WRAPPER_EXTENSION = octest;
				ZERO_LINK = NO;
			};
			name = Release;
		};
/* End XCBuildConfiguration section */

/* Begin XCConfigurationList section */
		BEF31F410F352E14000DE5D2 /* Build configuration list for PBXNativeTarget "Three20UI" */ = {
			isa = XCConfigurationList;
			buildConfigurations = (
				BEF31F3B0F352DF6000DE5D2 /* Debug */,
				6E924940112C6F4000531F03 /* Internal */,
				BEF31F3C0F352DF6000DE5D2 /* Release */,
			);
			defaultConfigurationIsVisible = 0;
			defaultConfigurationName = Release;
		};
		C01FCF4E08A954540054247B /* Build configuration list for PBXProject "Three20UI" */ = {
			isa = XCConfigurationList;
			buildConfigurations = (
				C01FCF4F08A954540054247B /* Debug */,
				6E92493F112C6F4000531F03 /* Internal */,
				C01FCF5008A954540054247B /* Release */,
			);
			defaultConfigurationIsVisible = 0;
			defaultConfigurationName = Release;
		};
		EB9E6C6710B6A8F900DE563C /* Build configuration list for PBXNativeTarget "Three20UIUnitTests" */ = {
			isa = XCConfigurationList;
			buildConfigurations = (
				EB9E6C6510B6A8F900DE563C /* Debug */,
				6E924941112C6F4000531F03 /* Internal */,
				EB9E6C6610B6A8F900DE563C /* Release */,
			);
			defaultConfigurationIsVisible = 0;
			defaultConfigurationName = Release;
		};
/* End XCConfigurationList section */
	};
	rootObject = 29B97313FDCFA39411CA2CEA /* Project object */;
}
